// !$*UTF8*$!
{
	archiveVersion = 1;
	classes = {
	};
	objectVersion = 48;
	objects = {

/* Begin PBXBuildFile section */
		456DAD79207D2C6F0052DC0F /* coffetable_wt_chair.scn in Resources */ = {isa = PBXBuildFile; fileRef = 456DAD76207D2C6E0052DC0F /* coffetable_wt_chair.scn */; };
		456DAD7A207D2C6F0052DC0F /* lamp_wall.scn in Resources */ = {isa = PBXBuildFile; fileRef = 456DAD77207D2C6F0052DC0F /* lamp_wall.scn */; };
		456DAD7B207D2C6F0052DC0F /* coke_can.scn in Resources */ = {isa = PBXBuildFile; fileRef = 456DAD78207D2C6F0052DC0F /* coke_can.scn */; };
		456DAD7F207D2C7A0052DC0F /* COKE.jpg in Resources */ = {isa = PBXBuildFile; fileRef = 456DAD7C207D2C790052DC0F /* COKE.jpg */; };
		456DAD80207D2C7A0052DC0F /* fab111.bmp in Resources */ = {isa = PBXBuildFile; fileRef = 456DAD7D207D2C7A0052DC0F /* fab111.bmp */; };
		456DAD81207D2C7A0052DC0F /* yellowhenna2.jpg in Resources */ = {isa = PBXBuildFile; fileRef = 456DAD7E207D2C7A0052DC0F /* yellowhenna2.jpg */; };
		45720D632078E8650027A2F8 /* skates.scn in Resources */ = {isa = PBXBuildFile; fileRef = 45720D622078E8650027A2F8 /* skates.scn */; };
		45720D652078E87E0027A2F8 /* skateboard_4.jpg in Resources */ = {isa = PBXBuildFile; fileRef = 45720D642078E87E0027A2F8 /* skateboard_4.jpg */; };
		45720D672078E8A70027A2F8 /* ViewController+ARSessionDelegate.swift in Sources */ = {isa = PBXBuildFile; fileRef = 45720D662078E8A70027A2F8 /* ViewController+ARSessionDelegate.swift */; };
		45720D692078F1C70027A2F8 /* ViewController+UIGestureRecognizerDelegate.swift in Sources */ = {isa = PBXBuildFile; fileRef = 45720D682078F1C60027A2F8 /* ViewController+UIGestureRecognizerDelegate.swift */; };
		45ABBFDB207A4D1A001E034C /* UIColor+Extensions.swift in Sources */ = {isa = PBXBuildFile; fileRef = 45ABBFDA207A4D1A001E034C /* UIColor+Extensions.swift */; };
		45ABC000207A5FFA001E034C /* ViewController+UICollectionViewProtocols.swift in Sources */ = {isa = PBXBuildFile; fileRef = 45ABBFFF207A5FFA001E034C /* ViewController+UICollectionViewProtocols.swift */; };
		45ABC002207A6C14001E034C /* CircularButton.swift in Sources */ = {isa = PBXBuildFile; fileRef = 45ABC001207A6C14001E034C /* CircularButton.swift */; };
		A10CBCC0205F0B5E00822C63 /* carpet.jpg in Resources */ = {isa = PBXBuildFile; fileRef = A10CBCBF205F0B5E00822C63 /* carpet.jpg */; };
		A10CBCC2205F0EEF00822C63 /* carpet.scn in Resources */ = {isa = PBXBuildFile; fileRef = A10CBCC1205F0BBF00822C63 /* carpet.scn */; };
		A1868C6E20604FBF0030A517 /* DebugView.swift in Sources */ = {isa = PBXBuildFile; fileRef = A1868C6D20604FBF0030A517 /* DebugView.swift */; };
		A1868C7020604FE40030A517 /* DebugView.xib in Resources */ = {isa = PBXBuildFile; fileRef = A1868C6F20604FE40030A517 /* DebugView.xib */; };
		A1F8F3CD205C6237001A91D0 /* AppDelegate.swift in Sources */ = {isa = PBXBuildFile; fileRef = A1F8F3CC205C6237001A91D0 /* AppDelegate.swift */; };
		A1F8F3CF205C6237001A91D0 /* ViewController.swift in Sources */ = {isa = PBXBuildFile; fileRef = A1F8F3CE205C6237001A91D0 /* ViewController.swift */; };
		A1F8F3D2205C6237001A91D0 /* Main.storyboard in Resources */ = {isa = PBXBuildFile; fileRef = A1F8F3D0205C6237001A91D0 /* Main.storyboard */; };
		A1F8F3D4205C6237001A91D0 /* Assets.xcassets in Resources */ = {isa = PBXBuildFile; fileRef = A1F8F3D3205C6237001A91D0 /* Assets.xcassets */; };
		A1F8F3D7205C6237001A91D0 /* LaunchScreen.storyboard in Resources */ = {isa = PBXBuildFile; fileRef = A1F8F3D5205C6237001A91D0 /* LaunchScreen.storyboard */; };
		A1F8F3E0205C7173001A91D0 /* ship.scn in Resources */ = {isa = PBXBuildFile; fileRef = A1F8F3DE205C7173001A91D0 /* ship.scn */; };
		A1F8F3E1205C7173001A91D0 /* ship.png in Resources */ = {isa = PBXBuildFile; fileRef = A1F8F3DF205C7173001A91D0 /* ship.png */; };
/* End PBXBuildFile section */

/* Begin PBXFileReference section */
		456DAD76207D2C6E0052DC0F /* coffetable_wt_chair.scn */ = {isa = PBXFileReference; lastKnownFileType = file.bplist; path = coffetable_wt_chair.scn; sourceTree = "<group>"; };
		456DAD77207D2C6F0052DC0F /* lamp_wall.scn */ = {isa = PBXFileReference; lastKnownFileType = file.bplist; path = lamp_wall.scn; sourceTree = "<group>"; };
		456DAD78207D2C6F0052DC0F /* coke_can.scn */ = {isa = PBXFileReference; lastKnownFileType = file.bplist; path = coke_can.scn; sourceTree = "<group>"; };
		456DAD7C207D2C790052DC0F /* COKE.jpg */ = {isa = PBXFileReference; lastKnownFileType = image.jpeg; path = COKE.jpg; sourceTree = "<group>"; };
		456DAD7D207D2C7A0052DC0F /* fab111.bmp */ = {isa = PBXFileReference; lastKnownFileType = image.bmp; path = fab111.bmp; sourceTree = "<group>"; };
		456DAD7E207D2C7A0052DC0F /* yellowhenna2.jpg */ = {isa = PBXFileReference; lastKnownFileType = image.jpeg; path = yellowhenna2.jpg; sourceTree = "<group>"; };
		45720D622078E8650027A2F8 /* skates.scn */ = {isa = PBXFileReference; lastKnownFileType = file.bplist; path = skates.scn; sourceTree = "<group>"; };
		45720D642078E87E0027A2F8 /* skateboard_4.jpg */ = {isa = PBXFileReference; lastKnownFileType = image.jpeg; path = skateboard_4.jpg; sourceTree = "<group>"; };
		45720D662078E8A70027A2F8 /* ViewController+ARSessionDelegate.swift */ = {isa = PBXFileReference; lastKnownFileType = sourcecode.swift; path = "ViewController+ARSessionDelegate.swift"; sourceTree = "<group>"; };
		45720D682078F1C60027A2F8 /* ViewController+UIGestureRecognizerDelegate.swift */ = {isa = PBXFileReference; lastKnownFileType = sourcecode.swift; path = "ViewController+UIGestureRecognizerDelegate.swift"; sourceTree = "<group>"; };
		45ABBFDA207A4D1A001E034C /* UIColor+Extensions.swift */ = {isa = PBXFileReference; lastKnownFileType = sourcecode.swift; path = "UIColor+Extensions.swift"; sourceTree = "<group>"; };
		45ABBFFF207A5FFA001E034C /* ViewController+UICollectionViewProtocols.swift */ = {isa = PBXFileReference; lastKnownFileType = sourcecode.swift; path = "ViewController+UICollectionViewProtocols.swift"; sourceTree = "<group>"; };
		45ABC001207A6C14001E034C /* CircularButton.swift */ = {isa = PBXFileReference; lastKnownFileType = sourcecode.swift; path = CircularButton.swift; sourceTree = "<group>"; };
		A10CBCBF205F0B5E00822C63 /* carpet.jpg */ = {isa = PBXFileReference; lastKnownFileType = image.jpeg; path = carpet.jpg; sourceTree = "<group>"; };
		A10CBCC1205F0BBF00822C63 /* carpet.scn */ = {isa = PBXFileReference; lastKnownFileType = file.bplist; path = carpet.scn; sourceTree = "<group>"; };
		A1868C6D20604FBF0030A517 /* DebugView.swift */ = {isa = PBXFileReference; lastKnownFileType = sourcecode.swift; path = DebugView.swift; sourceTree = "<group>"; };
		A1868C6F20604FE40030A517 /* DebugView.xib */ = {isa = PBXFileReference; lastKnownFileType = file.xib; path = DebugView.xib; sourceTree = "<group>"; };
		A1F8F3C9205C6237001A91D0 /* ARDesign.app */ = {isa = PBXFileReference; explicitFileType = wrapper.application; includeInIndex = 0; path = ARDesign.app; sourceTree = BUILT_PRODUCTS_DIR; };
		A1F8F3CC205C6237001A91D0 /* AppDelegate.swift */ = {isa = PBXFileReference; lastKnownFileType = sourcecode.swift; path = AppDelegate.swift; sourceTree = "<group>"; };
		A1F8F3CE205C6237001A91D0 /* ViewController.swift */ = {isa = PBXFileReference; lastKnownFileType = sourcecode.swift; path = ViewController.swift; sourceTree = "<group>"; };
		A1F8F3D1205C6237001A91D0 /* Base */ = {isa = PBXFileReference; lastKnownFileType = file.storyboard; name = Base; path = Base.lproj/Main.storyboard; sourceTree = "<group>"; };
		A1F8F3D3205C6237001A91D0 /* Assets.xcassets */ = {isa = PBXFileReference; lastKnownFileType = folder.assetcatalog; path = Assets.xcassets; sourceTree = "<group>"; };
		A1F8F3D6205C6237001A91D0 /* Base */ = {isa = PBXFileReference; lastKnownFileType = file.storyboard; name = Base; path = Base.lproj/LaunchScreen.storyboard; sourceTree = "<group>"; };
		A1F8F3D8205C6237001A91D0 /* Info.plist */ = {isa = PBXFileReference; lastKnownFileType = text.plist.xml; path = Info.plist; sourceTree = "<group>"; };
		A1F8F3DE205C7173001A91D0 /* ship.scn */ = {isa = PBXFileReference; lastKnownFileType = file.bplist; path = ship.scn; sourceTree = "<group>"; };
		A1F8F3DF205C7173001A91D0 /* ship.png */ = {isa = PBXFileReference; lastKnownFileType = image.png; path = ship.png; sourceTree = "<group>"; };
/* End PBXFileReference section */

/* Begin PBXFrameworksBuildPhase section */
		A1F8F3C6205C6236001A91D0 /* Frameworks */ = {
			isa = PBXFrameworksBuildPhase;
			buildActionMask = 2147483647;
			files = (
			);
			runOnlyForDeploymentPostprocessing = 0;
		};
/* End PBXFrameworksBuildPhase section */

/* Begin PBXGroup section */
		A134D81F205EF39A0010793F /* Models */ = {
			isa = PBXGroup;
			children = (
				456DAD76207D2C6E0052DC0F /* coffetable_wt_chair.scn */,
				456DAD7D207D2C7A0052DC0F /* fab111.bmp */,
				456DAD78207D2C6F0052DC0F /* coke_can.scn */,
				456DAD7C207D2C790052DC0F /* COKE.jpg */,
				456DAD77207D2C6F0052DC0F /* lamp_wall.scn */,
				456DAD7E207D2C7A0052DC0F /* yellowhenna2.jpg */,
				45720D622078E8650027A2F8 /* skates.scn */,
				45720D642078E87E0027A2F8 /* skateboard_4.jpg */,
				A1F8F3DF205C7173001A91D0 /* ship.png */,
				A1F8F3DE205C7173001A91D0 /* ship.scn */,
				A10CBCBF205F0B5E00822C63 /* carpet.jpg */,
				A10CBCC1205F0BBF00822C63 /* carpet.scn */,
			);
			path = Models;
			sourceTree = "<group>";
		};
		A1F8F3C0205C6236001A91D0 = {
			isa = PBXGroup;
			children = (
				A1F8F3CB205C6237001A91D0 /* ARDesign */,
				A1F8F3CA205C6237001A91D0 /* Products */,
			);
			sourceTree = "<group>";
		};
		A1F8F3CA205C6237001A91D0 /* Products */ = {
			isa = PBXGroup;
			children = (
				A1F8F3C9205C6237001A91D0 /* ARDesign.app */,
			);
			name = Products;
			sourceTree = "<group>";
		};
		A1F8F3CB205C6237001A91D0 /* ARDesign */ = {
			isa = PBXGroup;
			children = (
				A134D81F205EF39A0010793F /* Models */,
				A1F8F3CC205C6237001A91D0 /* AppDelegate.swift */,
				A1F8F3CE205C6237001A91D0 /* ViewController.swift */,
				45ABBFFF207A5FFA001E034C /* ViewController+UICollectionViewProtocols.swift */,
				45720D662078E8A70027A2F8 /* ViewController+ARSessionDelegate.swift */,
				45720D682078F1C60027A2F8 /* ViewController+UIGestureRecognizerDelegate.swift */,
				A1868C6D20604FBF0030A517 /* DebugView.swift */,
				A1868C6F20604FE40030A517 /* DebugView.xib */,
				A1F8F3D0205C6237001A91D0 /* Main.storyboard */,
				A1F8F3D3205C6237001A91D0 /* Assets.xcassets */,
				A1F8F3D5205C6237001A91D0 /* LaunchScreen.storyboard */,
				A1F8F3D8205C6237001A91D0 /* Info.plist */,
				45ABBFDA207A4D1A001E034C /* UIColor+Extensions.swift */,
				45ABC001207A6C14001E034C /* CircularButton.swift */,
			);
			path = ARDesign;
			sourceTree = "<group>";
		};
/* End PBXGroup section */

/* Begin PBXNativeTarget section */
		A1F8F3C8205C6236001A91D0 /* ARDesign */ = {
			isa = PBXNativeTarget;
			buildConfigurationList = A1F8F3DB205C6237001A91D0 /* Build configuration list for PBXNativeTarget "ARDesign" */;
			buildPhases = (
				A1F8F3C5205C6236001A91D0 /* Sources */,
				A1F8F3C6205C6236001A91D0 /* Frameworks */,
				A1F8F3C7205C6236001A91D0 /* Resources */,
			);
			buildRules = (
			);
			dependencies = (
			);
			name = ARDesign;
			productName = ARDesign;
			productReference = A1F8F3C9205C6237001A91D0 /* ARDesign.app */;
			productType = "com.apple.product-type.application";
		};
/* End PBXNativeTarget section */

/* Begin PBXProject section */
		A1F8F3C1205C6236001A91D0 /* Project object */ = {
			isa = PBXProject;
			attributes = {
				LastSwiftUpdateCheck = 0920;
				LastUpgradeCheck = 0920;
				ORGANIZATIONNAME = "David Varosyan";
				TargetAttributes = {
					A1F8F3C8205C6236001A91D0 = {
						CreatedOnToolsVersion = 9.2;
						ProvisioningStyle = Automatic;
					};
				};
			};
			buildConfigurationList = A1F8F3C4205C6236001A91D0 /* Build configuration list for PBXProject "ARDesign" */;
			compatibilityVersion = "Xcode 8.0";
			developmentRegion = en;
			hasScannedForEncodings = 0;
			knownRegions = (
				en,
				Base,
			);
			mainGroup = A1F8F3C0205C6236001A91D0;
			productRefGroup = A1F8F3CA205C6237001A91D0 /* Products */;
			projectDirPath = "";
			projectRoot = "";
			targets = (
				A1F8F3C8205C6236001A91D0 /* ARDesign */,
			);
		};
/* End PBXProject section */

/* Begin PBXResourcesBuildPhase section */
		A1F8F3C7205C6236001A91D0 /* Resources */ = {
			isa = PBXResourcesBuildPhase;
			buildActionMask = 2147483647;
			files = (
				A1868C7020604FE40030A517 /* DebugView.xib in Resources */,
				456DAD7F207D2C7A0052DC0F /* COKE.jpg in Resources */,
				A10CBCC0205F0B5E00822C63 /* carpet.jpg in Resources */,
				A1F8F3D7205C6237001A91D0 /* LaunchScreen.storyboard in Resources */,
				A1F8F3E1205C7173001A91D0 /* ship.png in Resources */,
				456DAD7A207D2C6F0052DC0F /* lamp_wall.scn in Resources */,
				A1F8F3D4205C6237001A91D0 /* Assets.xcassets in Resources */,
				456DAD81207D2C7A0052DC0F /* yellowhenna2.jpg in Resources */,
				456DAD79207D2C6F0052DC0F /* coffetable_wt_chair.scn in Resources */,
				456DAD80207D2C7A0052DC0F /* fab111.bmp in Resources */,
				A10CBCC2205F0EEF00822C63 /* carpet.scn in Resources */,
				A1F8F3E0205C7173001A91D0 /* ship.scn in Resources */,
				45720D632078E8650027A2F8 /* skates.scn in Resources */,
				45720D652078E87E0027A2F8 /* skateboard_4.jpg in Resources */,
				456DAD7B207D2C6F0052DC0F /* coke_can.scn in Resources */,
				A1F8F3D2205C6237001A91D0 /* Main.storyboard in Resources */,
			);
			runOnlyForDeploymentPostprocessing = 0;
		};
/* End PBXResourcesBuildPhase section */

/* Begin PBXSourcesBuildPhase section */
		A1F8F3C5205C6236001A91D0 /* Sources */ = {
			isa = PBXSourcesBuildPhase;
			buildActionMask = 2147483647;
			files = (
				45ABC002207A6C14001E034C /* CircularButton.swift in Sources */,
				45ABC000207A5FFA001E034C /* ViewController+UICollectionViewProtocols.swift in Sources */,
				45720D692078F1C70027A2F8 /* ViewController+UIGestureRecognizerDelegate.swift in Sources */,
				45ABBFDB207A4D1A001E034C /* UIColor+Extensions.swift in Sources */,
				A1868C6E20604FBF0030A517 /* DebugView.swift in Sources */,
				45720D672078E8A70027A2F8 /* ViewController+ARSessionDelegate.swift in Sources */,
				A1F8F3CF205C6237001A91D0 /* ViewController.swift in Sources */,
				A1F8F3CD205C6237001A91D0 /* AppDelegate.swift in Sources */,
			);
			runOnlyForDeploymentPostprocessing = 0;
		};
/* End PBXSourcesBuildPhase section */

/* Begin PBXVariantGroup section */
		A1F8F3D0205C6237001A91D0 /* Main.storyboard */ = {
			isa = PBXVariantGroup;
			children = (
				A1F8F3D1205C6237001A91D0 /* Base */,
			);
			name = Main.storyboard;
			sourceTree = "<group>";
		};
		A1F8F3D5205C6237001A91D0 /* LaunchScreen.storyboard */ = {
			isa = PBXVariantGroup;
			children = (
				A1F8F3D6205C6237001A91D0 /* Base */,
			);
			name = LaunchScreen.storyboard;
			sourceTree = "<group>";
		};
/* End PBXVariantGroup section */

/* Begin XCBuildConfiguration section */
		A1F8F3D9205C6237001A91D0 /* Debug */ = {
			isa = XCBuildConfiguration;
			buildSettings = {
				ALWAYS_SEARCH_USER_PATHS = NO;
				CLANG_ANALYZER_NONNULL = YES;
				CLANG_ANALYZER_NUMBER_OBJECT_CONVERSION = YES_AGGRESSIVE;
				CLANG_CXX_LANGUAGE_STANDARD = "gnu++14";
				CLANG_CXX_LIBRARY = "libc++";
				CLANG_ENABLE_MODULES = YES;
				CLANG_ENABLE_OBJC_ARC = YES;
				CLANG_WARN_BLOCK_CAPTURE_AUTORELEASING = YES;
				CLANG_WARN_BOOL_CONVERSION = YES;
				CLANG_WARN_COMMA = YES;
				CLANG_WARN_CONSTANT_CONVERSION = YES;
				CLANG_WARN_DIRECT_OBJC_ISA_USAGE = YES_ERROR;
				CLANG_WARN_DOCUMENTATION_COMMENTS = YES;
				CLANG_WARN_EMPTY_BODY = YES;
				CLANG_WARN_ENUM_CONVERSION = YES;
				CLANG_WARN_INFINITE_RECURSION = YES;
				CLANG_WARN_INT_CONVERSION = YES;
				CLANG_WARN_NON_LITERAL_NULL_CONVERSION = YES;
				CLANG_WARN_OBJC_LITERAL_CONVERSION = YES;
				CLANG_WARN_OBJC_ROOT_CLASS = YES_ERROR;
				CLANG_WARN_RANGE_LOOP_ANALYSIS = YES;
				CLANG_WARN_STRICT_PROTOTYPES = YES;
				CLANG_WARN_SUSPICIOUS_MOVE = YES;
				CLANG_WARN_UNGUARDED_AVAILABILITY = YES_AGGRESSIVE;
				CLANG_WARN_UNREACHABLE_CODE = YES;
				CLANG_WARN__DUPLICATE_METHOD_MATCH = YES;
				CODE_SIGN_IDENTITY = "iPhone Developer";
				COPY_PHASE_STRIP = NO;
				DEBUG_INFORMATION_FORMAT = dwarf;
				ENABLE_STRICT_OBJC_MSGSEND = YES;
				ENABLE_TESTABILITY = YES;
				GCC_C_LANGUAGE_STANDARD = gnu11;
				GCC_DYNAMIC_NO_PIC = NO;
				GCC_NO_COMMON_BLOCKS = YES;
				GCC_OPTIMIZATION_LEVEL = 0;
				GCC_PREPROCESSOR_DEFINITIONS = (
					"DEBUG=1",
					"$(inherited)",
				);
				GCC_WARN_64_TO_32_BIT_CONVERSION = YES;
				GCC_WARN_ABOUT_RETURN_TYPE = YES_ERROR;
				GCC_WARN_UNDECLARED_SELECTOR = YES;
				GCC_WARN_UNINITIALIZED_AUTOS = YES_AGGRESSIVE;
				GCC_WARN_UNUSED_FUNCTION = YES;
				GCC_WARN_UNUSED_VARIABLE = YES;
				IPHONEOS_DEPLOYMENT_TARGET = 11.3;
				MTL_ENABLE_DEBUG_INFO = YES;
				ONLY_ACTIVE_ARCH = YES;
				SDKROOT = iphoneos;
				SWIFT_ACTIVE_COMPILATION_CONDITIONS = DEBUG;
				SWIFT_OPTIMIZATION_LEVEL = "-Onone";
			};
			name = Debug;
		};
		A1F8F3DA205C6237001A91D0 /* Release */ = {
			isa = XCBuildConfiguration;
			buildSettings = {
				ALWAYS_SEARCH_USER_PATHS = NO;
				CLANG_ANALYZER_NONNULL = YES;
				CLANG_ANALYZER_NUMBER_OBJECT_CONVERSION = YES_AGGRESSIVE;
				CLANG_CXX_LANGUAGE_STANDARD = "gnu++14";
				CLANG_CXX_LIBRARY = "libc++";
				CLANG_ENABLE_MODULES = YES;
				CLANG_ENABLE_OBJC_ARC = YES;
				CLANG_WARN_BLOCK_CAPTURE_AUTORELEASING = YES;
				CLANG_WARN_BOOL_CONVERSION = YES;
				CLANG_WARN_COMMA = YES;
				CLANG_WARN_CONSTANT_CONVERSION = YES;
				CLANG_WARN_DIRECT_OBJC_ISA_USAGE = YES_ERROR;
				CLANG_WARN_DOCUMENTATION_COMMENTS = YES;
				CLANG_WARN_EMPTY_BODY = YES;
				CLANG_WARN_ENUM_CONVERSION = YES;
				CLANG_WARN_INFINITE_RECURSION = YES;
				CLANG_WARN_INT_CONVERSION = YES;
				CLANG_WARN_NON_LITERAL_NULL_CONVERSION = YES;
				CLANG_WARN_OBJC_LITERAL_CONVERSION = YES;
				CLANG_WARN_OBJC_ROOT_CLASS = YES_ERROR;
				CLANG_WARN_RANGE_LOOP_ANALYSIS = YES;
				CLANG_WARN_STRICT_PROTOTYPES = YES;
				CLANG_WARN_SUSPICIOUS_MOVE = YES;
				CLANG_WARN_UNGUARDED_AVAILABILITY = YES_AGGRESSIVE;
				CLANG_WARN_UNREACHABLE_CODE = YES;
				CLANG_WARN__DUPLICATE_METHOD_MATCH = YES;
				CODE_SIGN_IDENTITY = "iPhone Developer";
				COPY_PHASE_STRIP = NO;
				DEBUG_INFORMATION_FORMAT = "dwarf-with-dsym";
				ENABLE_NS_ASSERTIONS = NO;
				ENABLE_STRICT_OBJC_MSGSEND = YES;
				GCC_C_LANGUAGE_STANDARD = gnu11;
				GCC_NO_COMMON_BLOCKS = YES;
				GCC_WARN_64_TO_32_BIT_CONVERSION = YES;
				GCC_WARN_ABOUT_RETURN_TYPE = YES_ERROR;
				GCC_WARN_UNDECLARED_SELECTOR = YES;
				GCC_WARN_UNINITIALIZED_AUTOS = YES_AGGRESSIVE;
				GCC_WARN_UNUSED_FUNCTION = YES;
				GCC_WARN_UNUSED_VARIABLE = YES;
				IPHONEOS_DEPLOYMENT_TARGET = 11.3;
				MTL_ENABLE_DEBUG_INFO = NO;
				SDKROOT = iphoneos;
				SWIFT_OPTIMIZATION_LEVEL = "-Owholemodule";
				VALIDATE_PRODUCT = YES;
			};
			name = Release;
		};
		A1F8F3DC205C6237001A91D0 /* Debug */ = {
			isa = XCBuildConfiguration;
			buildSettings = {
				ASSETCATALOG_COMPILER_APPICON_NAME = AppIcon;
				CODE_SIGN_STYLE = Automatic;
				DEVELOPMENT_TEAM = R3JX6N7H4S;
				INFOPLIST_FILE = ARDesign/Info.plist;
				IPHONEOS_DEPLOYMENT_TARGET = 11.3;
				LD_RUNPATH_SEARCH_PATHS = "$(inherited) @executable_path/Frameworks";
				PRODUCT_BUNDLE_IDENTIFIER = com.student.ARDesign;
				PRODUCT_NAME = "$(TARGET_NAME)";
				SWIFT_VERSION = 4.0;
				TARGETED_DEVICE_FAMILY = "1,2";
			};
			name = Debug;
		};
		A1F8F3DD205C6237001A91D0 /* Release */ = {
			isa = XCBuildConfiguration;
			buildSettings = {
				ASSETCATALOG_COMPILER_APPICON_NAME = AppIcon;
				CODE_SIGN_STYLE = Automatic;
				DEVELOPMENT_TEAM = R3JX6N7H4S;
				INFOPLIST_FILE = ARDesign/Info.plist;
				IPHONEOS_DEPLOYMENT_TARGET = 11.3;
				LD_RUNPATH_SEARCH_PATHS = "$(inherited) @executable_path/Frameworks";
				PRODUCT_BUNDLE_IDENTIFIER = com.student.ARDesign;
				PRODUCT_NAME = "$(TARGET_NAME)";
				SWIFT_VERSION = 4.0;
				TARGETED_DEVICE_FAMILY = "1,2";
			};
			name = Release;
		};
/* End XCBuildConfiguration section */

/* Begin XCConfigurationList section */
		A1F8F3C4205C6236001A91D0 /* Build configuration list for PBXProject "ARDesign" */ = {
			isa = XCConfigurationList;
			buildConfigurations = (
				A1F8F3D9205C6237001A91D0 /* Debug */,
				A1F8F3DA205C6237001A91D0 /* Release */,
			);
			defaultConfigurationIsVisible = 0;
			defaultConfigurationName = Release;
		};
		A1F8F3DB205C6237001A91D0 /* Build configuration list for PBXNativeTarget "ARDesign" */ = {
			isa = XCConfigurationList;
			buildConfigurations = (
				A1F8F3DC205C6237001A91D0 /* Debug */,
				A1F8F3DD205C6237001A91D0 /* Release */,
			);
			defaultConfigurationIsVisible = 0;
			defaultConfigurationName = Release;
		};
/* End XCConfigurationList section */
	};
	rootObject = A1F8F3C1205C6236001A91D0 /* Project object */;
}
